version = 1
revision = 3
requires-python = ">=3.6"
resolution-markers = [
    "python_full_version >= '3.10'",
    "python_full_version == '3.9.*'",
    "python_full_version == '3.8.*'",
    "python_full_version == '3.7.*'",
    "python_full_version >= '3.6.8' and python_full_version < '3.7'",
    "python_full_version < '3.6.8'",
]

[[package]]
name = "cchess"
version = "1.26.1"
source = { editable = "." }
dependencies = [
    { name = "chardet", version = "5.0.0", source = { registry = "https://pypi.org/simple" }, marker = "python_full_version < '3.7'" },
    { name = "chardet", version = "5.2.0", source = { registry = "https://pypi.org/simple" }, marker = "python_full_version >= '3.7' and python_full_version < '3.10'" },
    { name = "chardet", version = "7.4.0.post2", source = { registry = "https://pypi.org/simple" }, marker = "python_full_version >= '3.10'" },
]

[package.metadata]
requires-dist = [{ name = "chardet", specifier = ">=5.0" }]

[[package]]
name = "chardet"
version = "5.0.0"
source = { registry = "https://pypi.org/simple" }
resolution-markers = [
    "python_full_version >= '3.6.8' and python_full_version < '3.7'",
    "python_full_version < '3.6.8'",
]
sdist = { url = "https://files.pythonhosted.org/packages/31/a2/12c090713b3d0e141f367236d3a8bdc3e5fca0d83ff3647af4892c16c205/chardet-5.0.0.tar.gz", hash = "sha256:0368df2bfd78b5fc20572bb4e9bb7fb53e2c094f60ae9993339e8671d0afb8aa", size = 2021116, upload-time = "2022-06-25T04:27:57.204Z" }
wheels = [
    { url = "https://files.pythonhosted.org/packages/4c/d1/1b96dd69fa42f20b70701b5cd42a75dd5f0c7a24dc0abfef35cc146210dc/chardet-5.0.0-py3-none-any.whl", hash = "sha256:d3e64f022d254183001eccc5db4040520c0f23b1a3f33d6413e099eb7f126557", size = 193628, upload-time = "2022-06-25T04:27:55.457Z" },
]

[[package]]
name = "chardet"
version = "5.2.0"
source = { registry = "https://pypi.org/simple" }
resolution-markers = [
    "python_full_version == '3.9.*'",
    "python_full_version == '3.8.*'",
    "python_full_version == '3.7.*'",
]
sdist = { url = "https://files.pythonhosted.org/packages/f3/0d/f7b6ab21ec75897ed80c17d79b15951a719226b9fababf1e40ea74d69079/chardet-5.2.0.tar.gz", hash = "sha256:1b3b6ff479a8c414bc3fa2c0852995695c4a026dcd6d0633b2dd092ca39c1cf7", size = 2069618, upload-time = "2023-08-01T19:23:02.662Z" }
wheels = [
    { url = "https://files.pythonhosted.org/packages/38/6f/f5fbc992a329ee4e0f288c1fe0e2ad9485ed064cac731ed2fe47dcc38cbf/chardet-5.2.0-py3-none-any.whl", hash = "sha256:e1cf59446890a00105fe7b7912492ea04b6e6f06d4b742b2c788469e34c82970", size = 199385, upload-time = "2023-08-01T19:23:00.661Z" },
]

[[package]]
name = "chardet"
version = "7.4.0.post2"
source = { registry = "https://pypi.org/simple" }
resolution-markers = [
    "python_full_version >= '3.10'",
]
sdist = { url = "https://files.pythonhosted.org/packages/03/4b/1fe1ade6b4d33abff0224b45a8310775b04308668ad1bdef725af8e3fcaa/chardet-7.4.0.post2.tar.gz", hash = "sha256:21a6b5ca695252c03385dcfcc8b55c27907f1fe80838aa171b1ff4e356a1bb67", size = 767694, upload-time = "2026-03-29T18:07:23.19Z" }
wheels = [
    { url = "https://files.pythonhosted.org/packages/e9/35/1adb720ebfa87dfdc089e0acc0e911adc7f1c9394824fcbfea188ca7cabf/chardet-7.4.0.post2-cp310-cp310-macosx_10_9_x86_64.whl", hash = "sha256:77170d229f3d7babbc36c5a33c361de1c01091f4564a33bcd7e0f59ee8609b2a", size = 854465, upload-time = "2026-03-29T18:06:32.775Z" },
    { url = "https://files.pythonhosted.org/packages/f6/69/969ded64b37176f066c4c45871d660fedca3f8da96e0ef8fb3bde6187416/chardet-7.4.0.post2-cp310-cp310-macosx_11_0_arm64.whl", hash = "sha256:9be8a6ba814f65013e0e6d92a43e8fa50f42c8850c143fa74586baeac5fa1bcd", size = 840763, upload-time = "2026-03-29T18:06:34.317Z" },
    { url = "https://files.pythonhosted.org/packages/77/1d/1ecd889464d7a641f26ecdf1cd4dbe0dcbd0b0afac47435ca2031b3f50da/chardet-7.4.0.post2-cp310-cp310-manylinux2014_aarch64.manylinux_2_17_aarch64.manylinux_2_28_aarch64.whl", hash = "sha256:28807a1209b7c2b79b24bdf9722b381e81da8104ae17fe2bd1e9f01c87fe9071", size = 860522, upload-time = "2026-03-29T18:06:35.852Z" },
    { url = "https://files.pythonhosted.org/packages/38/20/eb8babbc63b95d98c0b82fd2870fcd52b55ef7980039547cb5c04e75bd16/chardet-7.4.0.post2-cp310-cp310-manylinux2014_x86_64.manylinux_2_17_x86_64.manylinux_2_28_x86_64.whl", hash = "sha256:6ade174e3fe29f1f4abdb3cc47add0a98201452c43786cbf324b5e237a0c79fc", size = 867558, upload-time = "2026-03-29T18:06:37.723Z" },
    { url = "https://files.pythonhosted.org/packages/0e/5f/be8a831885459580a5975e162da7a6e8111bcc942f9562fe69f9fa152b41/chardet-7.4.0.post2-cp310-cp310-manylinux_2_31_riscv64.manylinux_2_39_riscv64.whl", hash = "sha256:335d9cedd5b5be4b8b39ec25b1c2e4498ac4e8658c9466b68b4417cf07c8c4ee", size = 864717, upload-time = "2026-03-29T18:06:39.227Z" },
    { url = "https://files.pythonhosted.org/packages/36/09/7618514ecc1a47d9316cf0c2f49437b6bef3d5281a00abd675f3731ef6eb/chardet-7.4.0.post2-cp310-cp310-win_amd64.whl", hash = "sha256:cde31d2314b156404380aca8aa0bdf6395bc92998b25336076b8a588c267fb20", size = 924472, upload-time = "2026-03-29T18:06:40.768Z" },
    { url = "https://files.pythonhosted.org/packages/4a/db/fcccf6858e87927a22df20251bda9e672819f3db1f2497eccd0290059761/chardet-7.4.0.post2-cp311-cp311-macosx_10_9_x86_64.whl", hash = "sha256:90227bc83d06d16b548afe185e93eff8c740cb11ec51536366399b912e361b8d", size = 851964, upload-time = "2026-03-29T18:06:42.525Z" },
    { url = "https://files.pythonhosted.org/packages/fe/79/c92968b31cd51d87328d0298ec3e8278027ad74c79309a60af3b88d0b199/chardet-7.4.0.post2-cp311-cp311-macosx_11_0_arm64.whl", hash = "sha256:18cb15facd3a70042cb4d3b9a80dd2e9b8d78af90643f434047060e1f84dff06", size = 838079, upload-time = "2026-03-29T18:06:43.949Z" },
    { url = "https://files.pythonhosted.org/packages/e8/e4/dc9f68093dac581f02bb842cc1d4b96468ce3388f241168b02d97b05fe3e/chardet-7.4.0.post2-cp311-cp311-manylinux2014_aarch64.manylinux_2_17_aarch64.manylinux_2_28_aarch64.whl", hash = "sha256:e719bf17854051970938e260d2c589fe3fde3da0a681acdafd266e3bbf75c1af", size = 857847, upload-time = "2026-03-29T18:06:45.587Z" },
    { url = "https://files.pythonhosted.org/packages/8c/57/053b571501feffd18bc7ff97d251293ad0e7ccc362c38be7fd6d640ca3fc/chardet-7.4.0.post2-cp311-cp311-manylinux2014_x86_64.manylinux_2_17_x86_64.manylinux_2_28_x86_64.whl", hash = "sha256:24b8fcc1fe54936932f305522bc2f40a207ecbb38209fa24226eab7432531aef", size = 864143, upload-time = "2026-03-29T18:06:47.479Z" },
    { url = "https://files.pythonhosted.org/packages/a9/4e/53cc4b9128e6449ad21ac023bfa4495f6c0b8e5ededf883368f541866a93/chardet-7.4.0.post2-cp311-cp311-manylinux_2_31_riscv64.manylinux_2_39_riscv64.whl", hash = "sha256:2c748b2850c8376ef04b02b3f22e014da5edc961478c88ccc6b01d3eed9bc1e7", size = 859454, upload-time = "2026-03-29T18:06:49.002Z" },
    { url = "https://files.pythonhosted.org/packages/b6/86/2f178028970f0c8beaaf54f7ba6dbb1767f41435f332406f88f7c2711f84/chardet-7.4.0.post2-cp311-cp311-win_amd64.whl", hash = "sha256:a359eb4535aeabd3f61e599530c4c4d4855c31316e6fed7db619a9c58785ee38", size = 923355, upload-time = "2026-03-29T18:06:50.569Z" },
    { url = "https://files.pythonhosted.org/packages/b0/24/b012c1fd362e1a25425afd9f746166976b8ba3b2d78140a39df23bba2886/chardet-7.4.0.post2-cp312-cp312-macosx_10_13_x86_64.whl", hash = "sha256:7aced16fe8098019c7c513dd92e9ee3ad29fffac757fa7de13ff8f3a8607a344", size = 854615, upload-time = "2026-03-29T18:06:52.099Z" },
    { url = "https://files.pythonhosted.org/packages/0d/01/778bcb1e162000c5b8295a25191935b0b2eaf0000096bd3fcbf782b5c8c0/chardet-7.4.0.post2-cp312-cp312-macosx_11_0_arm64.whl", hash = "sha256:dc6829803ba71cb427dffac03a948ae828c617710bbd5f97ae3b34ab18558414", size = 838434, upload-time = "2026-03-29T18:06:54.332Z" },
    { url = "https://files.pythonhosted.org/packages/e6/6a/827065f0390160d1c74e4cbe8f68815d56daf392c1eb5027fb16d0700d75/chardet-7.4.0.post2-cp312-cp312-manylinux2014_aarch64.manylinux_2_17_aarch64.manylinux_2_28_aarch64.whl", hash = "sha256:46659d38ba18e7c740f10a4c2edd0ef112e0322606ab2570cb8fd387954e0de9", size = 860089, upload-time = "2026-03-29T18:06:56.233Z" },
    { url = "https://files.pythonhosted.org/packages/e2/32/3abb90c7057e2cbdd711b59d99dc4dfc1a28b7da5a41971ec918f0928682/chardet-7.4.0.post2-cp312-cp312-manylinux2014_x86_64.manylinux_2_17_x86_64.manylinux_2_28_x86_64.whl", hash = "sha256:5933289313b8cbfb0d07cf44583a2a6c7e31bffe5dcb7ebb6592825aa197d5b0", size = 869310, upload-time = "2026-03-29T18:06:57.847Z" },
    { url = "https://files.pythonhosted.org/packages/7d/e2/c0f2a96cbda065765ad33b3a8f466b279983a72a6e3035e0f5cfa54b831f/chardet-7.4.0.post2-cp312-cp312-manylinux_2_31_riscv64.manylinux_2_39_riscv64.whl", hash = "sha256:2b99b417fac30641429829666ee7331366e797863504260aa1b18bfc2020e4e3", size = 863047, upload-time = "2026-03-29T18:06:59.427Z" },
    { url = "https://files.pythonhosted.org/packages/46/0d/0b6039f2d254698a525d9a1b00334b3262a6521adede50885f05ba714fad/chardet-7.4.0.post2-cp312-cp312-win_amd64.whl", hash = "sha256:a07dc1257fef2685dfc5182229abccd3f9b1299006a5b4d43ac7bd252faa1118", size = 924680, upload-time = "2026-03-29T18:07:00.772Z" },
    { url = "https://files.pythonhosted.org/packages/64/6f/40998484582edf32ebcbe30a51c0b33fb476aa4d22b172d4aabc3f47c5ed/chardet-7.4.0.post2-cp313-cp313-macosx_10_13_x86_64.whl", hash = "sha256:9bdb9387e692dd53c837aa922f676e5ab51209895cd99b15d30c6004418e0d27", size = 854448, upload-time = "2026-03-29T18:07:02.432Z" },
    { url = "https://files.pythonhosted.org/packages/32/ed/0fc7f4be6d346049bafec134cb4d122317e8e803b42e520f8214f02d9d13/chardet-7.4.0.post2-cp313-cp313-macosx_11_0_arm64.whl", hash = "sha256:422ac637f5a2a8b13151245591cb0fabdf9ec1427725f0560628cb5ad4fb1462", size = 838289, upload-time = "2026-03-29T18:07:04.026Z" },
    { url = "https://files.pythonhosted.org/packages/11/7d/f22cf8861c18126b6775b4d4a95fa4141ecc4a24d87c5a225d1d5df472c1/chardet-7.4.0.post2-cp313-cp313-manylinux2014_aarch64.manylinux_2_17_aarch64.manylinux_2_28_aarch64.whl", hash = "sha256:7d52b3f15249ba877030045900d179d44552c3c37dda487462be473ec67bed2f", size = 859345, upload-time = "2026-03-29T18:07:05.563Z" },
    { url = "https://files.pythonhosted.org/packages/27/ff/0f582b7a9369bba8abb47d72c3d1d1122c351b8fb04dcac2637683072bcb/chardet-7.4.0.post2-cp313-cp313-manylinux2014_x86_64.manylinux_2_17_x86_64.manylinux_2_28_x86_64.whl", hash = "sha256:ccdfb13b4a727d3d944157c7f350c6d64630511a0ce39e37ffa5114e90f7d3a7", size = 868537, upload-time = "2026-03-29T18:07:07.093Z" },
    { url = "https://files.pythonhosted.org/packages/51/7b/226d88c86a5351dcb03cf7702f6916ab304d6ce5146a96d1636c9b4287a2/chardet-7.4.0.post2-cp313-cp313-manylinux_2_31_riscv64.manylinux_2_39_riscv64.whl", hash = "sha256:daae5b0579e7e33adacb4722a62b540e6bec49944e081a859cb9a6a010713817", size = 862733, upload-time = "2026-03-29T18:07:08.948Z" },
    { url = "https://files.pythonhosted.org/packages/55/ef/b34d768e047796f69866b88dd81f10993bb5d7421a6196799512e478dd6a/chardet-7.4.0.post2-cp313-cp313-win_amd64.whl", hash = "sha256:6c448fe2d77e329cec421b95f844b75f8c9cb744e808ecc9124b6063ca6acb5e", size = 924887, upload-time = "2026-03-29T18:07:10.381Z" },
    { url = "https://files.pythonhosted.org/packages/b2/1e/8b5d54ecc873e828e9b91cddfce6bf5a058d7bb3d64007cfbbbc872b0bda/chardet-7.4.0.post2-cp314-cp314-macosx_10_15_x86_64.whl", hash = "sha256:5862b17677f7e8fcee4e37fe641f01d30762e4b075ac37ce9584e4407896e2d9", size = 853887, upload-time = "2026-03-29T18:07:12.156Z" },
    { url = "https://files.pythonhosted.org/packages/26/17/8c2cf762c876b04036e561d2a27df8a6305435db1cb584f71c356e319c40/chardet-7.4.0.post2-cp314-cp314-macosx_11_0_arm64.whl", hash = "sha256:22d05c4b7e721d5330d99ef4a6f6233a9de58ae6f2275c21a098bedd778a6cb7", size = 838555, upload-time = "2026-03-29T18:07:13.689Z" },
    { url = "https://files.pythonhosted.org/packages/3b/21/51fb8cfbcf2f1acc7c03776f4452f64ff2b9051505b38bc9e2a3941af330/chardet-7.4.0.post2-cp314-cp314-manylinux2014_aarch64.manylinux_2_17_aarch64.manylinux_2_28_aarch64.whl", hash = "sha256:a035d407f762c21eb77069982425eb403e518dd758617aa43bf11d0d2203a1b6", size = 861305, upload-time = "2026-03-29T18:07:15.194Z" },
    { url = "https://files.pythonhosted.org/packages/fb/b6/13cc503f45beeb1117fc9c83f294df16ebce5d75eac9f0cefb8cce4357a1/chardet-7.4.0.post2-cp314-cp314-manylinux2014_x86_64.manylinux_2_17_x86_64.manylinux_2_28_x86_64.whl", hash = "sha256:2adfa7390e69cb5ed499b54978d31f6d476788d07d83da3426811181b7ca7682", size = 868868, upload-time = "2026-03-29T18:07:16.781Z" },
    { url = "https://files.pythonhosted.org/packages/30/ca/f1ab73f8d431c5257ad536956992513a5c135c53cf2a3dc94b8a45f83082/chardet-7.4.0.post2-cp314-cp314-manylinux_2_31_riscv64.manylinux_2_39_riscv64.whl", hash = "sha256:2345f20ea67cdadddb778b2bc31e2defc2a85ae027931f9ad6ab84fd5d345320", size = 863417, upload-time = "2026-03-29T18:07:18.467Z" },
    { url = "https://files.pythonhosted.org/packages/1a/cc/d2918dc6d110cf585a30ee11dbdcfa56a2b2fbf16e2b4117fe8bf800f320/chardet-7.4.0.post2-cp314-cp314-win_amd64.whl", hash = "sha256:52602972d4815047cee262551bc383ab394aa145f5ca9ee10d0a53d27965882e", size = 919100, upload-time = "2026-03-29T18:07:20.312Z" },
    { url = "https://files.pythonhosted.org/packages/94/d2/22ac0b5b832bb9d2f29311dcded6c09ad0c32c23e3e53a8033aad5eb8652/chardet-7.4.0.post2-py3-none-any.whl", hash = "sha256:e0c9c6b5c296c0e5197bc8876fcc04d58a6ddfba18399e598ba353aba28b038e", size = 625322, upload-time = "2026-03-29T18:07:21.81Z" },
]
